<?xml version="1.0" encoding="utf-8"?>
<Project ToolsVersion="4.0" xmlns="http://schemas.microsoft.com/developer/msbuild/2003">
  <ItemGroup>
    <Filter Include="inc">
      <UniqueIdentifier>{93995380-89BD-4b04-88EB-625FBE52EBFB}</UniqueIdentifier>
      <Extensions>h;hh;hpp;hxx;hm;inl;inc;xsd</Extensions>
    </Filter>
    <Filter Include="src">
      <UniqueIdentifier>{4FC737F1-C7A5-4376-A066-2A32D752A2FF}</UniqueIdentifier>
      <Extensions>cpp;c;cc;cxx;def;odl;idl;hpj;bat;asm;asmx</Extensions>
    </Filter>
    <Filter Include="cfg">
      <UniqueIdentifier>{67DA6AB6-F800-4c08-8B7A-83BB121AAD01}</UniqueIdentifier>
      <Extensions>rc;ico;cur;bmp;dlg;rc2;rct;bin;rgs;gif;jpg;jpeg;jpe;resx;tiff;tif;png;wav;mfcribbon-ms</Extensions>
    </Filter>
    <Filter Include="inc\common">
      <UniqueIdentifier>{cd8e7986-2e51-4979-883f-9801206d4c9f}</UniqueIdentifier>
    </Filter>
    <Filter Include="inc\config">
      <UniqueIdentifier>{79fa99ba-2f6a-4264-b31d-b97151be5635}</UniqueIdentifier>
    </Filter>
    <Filter Include="inc\exception">
      <UniqueIdentifier>{dbcb4f1e-8385-4f83-b18f-f62ba1860357}</UniqueIdentifier>
    </Filter>
    <Filter Include="inc\filesystem">
      <UniqueIdentifier>{384e93cf-64fa-4d7b-bec8-22a46a99d9f5}</UniqueIdentifier>
    </Filter>
    <Filter Include="inc\locker">
      <UniqueIdentifier>{b66f9fe8-b0d0-44a0-9b68-dbc4685d7a52}</UniqueIdentifier>
    </Filter>
    <Filter Include="inc\log">
      <UniqueIdentifier>{79d92fc8-60b8-490a-b7b9-81c952909c5a}</UniqueIdentifier>
    </Filter>
    <Filter Include="inc\pool">
      <UniqueIdentifier>{fc2117b6-7220-415a-9142-1d92471a67a3}</UniqueIdentifier>
    </Filter>
    <Filter Include="inc\stream">
      <UniqueIdentifier>{3e1606f1-1cc8-436a-9518-7b2cc880cfbf}</UniqueIdentifier>
    </Filter>
    <Filter Include="inc\string">
      <UniqueIdentifier>{d2a9948c-af2f-429f-83d9-dcbd5236f8eb}</UniqueIdentifier>
    </Filter>
    <Filter Include="inc\thread">
      <UniqueIdentifier>{e566d78b-65f5-40f4-b6b3-3eaa9ec5c855}</UniqueIdentifier>
    </Filter>
    <Filter Include="inc\time">
      <UniqueIdentifier>{9dca5e91-6e70-48de-b08d-265103100bb9}</UniqueIdentifier>
    </Filter>
    <Filter Include="inc\utility">
      <UniqueIdentifier>{0688a4f3-e1df-4856-84f6-4ad8c7f6e2c2}</UniqueIdentifier>
    </Filter>
    <Filter Include="src\common">
      <UniqueIdentifier>{85ff2b5e-cee6-4318-a734-f67cf07e9fd3}</UniqueIdentifier>
    </Filter>
    <Filter Include="src\exception">
      <UniqueIdentifier>{763bb944-2450-4bd8-a7dc-35f5eaa35c37}</UniqueIdentifier>
    </Filter>
    <Filter Include="src\filesystem">
      <UniqueIdentifier>{fa66f3e9-f77e-4e46-8bba-95b9f52eb569}</UniqueIdentifier>
    </Filter>
    <Filter Include="src\locker">
      <UniqueIdentifier>{b2502e59-e38e-4a88-91a7-a4f49f91f886}</UniqueIdentifier>
    </Filter>
    <Filter Include="src\log">
      <UniqueIdentifier>{d790f96d-a37c-4278-aa92-a0103b19b7bb}</UniqueIdentifier>
    </Filter>
    <Filter Include="src\stream">
      <UniqueIdentifier>{1327ca29-a90e-4f3b-8818-55f013185121}</UniqueIdentifier>
    </Filter>
    <Filter Include="src\string">
      <UniqueIdentifier>{c55f9dd4-edae-4ef0-b419-97b5a79555ba}</UniqueIdentifier>
    </Filter>
    <Filter Include="src\thread">
      <UniqueIdentifier>{897cb621-fa2a-4cb7-9fcb-cf7fdc64a549}</UniqueIdentifier>
    </Filter>
    <Filter Include="src\time">
      <UniqueIdentifier>{15ca313c-4cbe-48ce-98f0-54bae35d1928}</UniqueIdentifier>
    </Filter>
    <Filter Include="src\utility">
      <UniqueIdentifier>{c14a80bf-3b82-4674-973e-e72d26fd038e}</UniqueIdentifier>
    </Filter>
    <Filter Include="src\config">
      <UniqueIdentifier>{c2655fcf-dff8-405d-ae9e-353184276684}</UniqueIdentifier>
    </Filter>
    <Filter Include="inc\charset">
      <UniqueIdentifier>{45a08542-4e52-43ce-afd1-84acad47854e}</UniqueIdentifier>
    </Filter>
    <Filter Include="src\charset">
      <UniqueIdentifier>{3d84982e-296e-4941-8531-3b824b9ce621}</UniqueIdentifier>
    </Filter>
    <Filter Include="inc\library">
      <UniqueIdentifier>{c0cfbc63-56d7-4915-a721-d4877630ade6}</UniqueIdentifier>
    </Filter>
    <Filter Include="src\library">
      <UniqueIdentifier>{f1d29122-1d01-4c9b-849b-eb13c2c22569}</UniqueIdentifier>
    </Filter>
    <Filter Include="inc\process">
      <UniqueIdentifier>{5daaefcd-e596-4633-abf0-3c1016aff430}</UniqueIdentifier>
    </Filter>
    <Filter Include="src\process">
      <UniqueIdentifier>{1e1ea9e1-d6ee-494d-88ec-e44e1d23f78c}</UniqueIdentifier>
    </Filter>
    <Filter Include="inc\record">
      <UniqueIdentifier>{592b6694-13a9-44a9-a94e-6b7900cd3e01}</UniqueIdentifier>
    </Filter>
    <Filter Include="src\record">
      <UniqueIdentifier>{e3668238-283e-4624-bb6f-166f4db7f01d}</UniqueIdentifier>
    </Filter>
    <Filter Include="res">
      <UniqueIdentifier>{02b64aaa-4b95-47ef-9e2f-efb9a796bd00}</UniqueIdentifier>
    </Filter>
    <Filter Include="inc\gnu">
      <UniqueIdentifier>{d534e33e-23c7-41f1-b1cc-948b33945410}</UniqueIdentifier>
    </Filter>
    <Filter Include="inc\gnu\cmarkup">
      <UniqueIdentifier>{fce723e2-786a-4c1f-9f2d-68ebfbc26a09}</UniqueIdentifier>
    </Filter>
    <Filter Include="inc\gnu\jsoncpp">
      <UniqueIdentifier>{ed853e8d-f847-45bc-be1a-61f1fc926977}</UniqueIdentifier>
    </Filter>
    <Filter Include="src\gnu">
      <UniqueIdentifier>{67ce8338-98cd-43bc-98d2-bf4030b82e84}</UniqueIdentifier>
    </Filter>
    <Filter Include="src\gnu\cmarkup">
      <UniqueIdentifier>{827ae7ab-86a5-455e-a7d7-c560e816a5e9}</UniqueIdentifier>
    </Filter>
    <Filter Include="src\gnu\jsoncpp">
      <UniqueIdentifier>{fd8cf010-2757-4f5c-b7c8-d46a3cffbe9c}</UniqueIdentifier>
    </Filter>
  </ItemGroup>
  <ItemGroup>
    <None Include="..\..\cfg\log.ini">
      <Filter>cfg</Filter>
    </None>
    <None Include="goofer.def">
      <Filter>res</Filter>
    </None>
  </ItemGroup>
  <ItemGroup>
    <ClInclude Include="..\inc\common\common.h">
      <Filter>inc\common</Filter>
    </ClInclude>
    <ClInclude Include="..\inc\common\consts.h">
      <Filter>inc\common</Filter>
    </ClInclude>
    <ClInclude Include="..\inc\common\enums.h">
      <Filter>inc\common</Filter>
    </ClInclude>
    <ClInclude Include="..\inc\common\macros.h">
      <Filter>inc\common</Filter>
    </ClInclude>
    <ClInclude Include="..\inc\common\memory.h">
      <Filter>inc\common</Filter>
    </ClInclude>
    <ClInclude Include="..\inc\common\namespace.h">
      <Filter>inc\common</Filter>
    </ClInclude>
    <ClInclude Include="..\inc\common\typedefs.h">
      <Filter>inc\common</Filter>
    </ClInclude>
    <ClInclude Include="..\inc\config\ini.h">
      <Filter>inc\config</Filter>
    </ClInclude>
    <ClInclude Include="..\inc\config\json.h">
      <Filter>inc\config</Filter>
    </ClInclude>
    <ClInclude Include="..\inc\config\xml.h">
      <Filter>inc\config</Filter>
    </ClInclude>
    <ClInclude Include="..\inc\exception\exception.h">
      <Filter>inc\exception</Filter>
    </ClInclude>
    <ClInclude Include="..\inc\filesystem\directory.h">
      <Filter>inc\filesystem</Filter>
    </ClInclude>
    <ClInclude Include="..\inc\filesystem\sys_io.h">
      <Filter>inc\filesystem</Filter>
    </ClInclude>
    <ClInclude Include="..\inc\locker\locker.h">
      <Filter>inc\locker</Filter>
    </ClInclude>
    <ClInclude Include="..\inc\locker\null_locker.h">
      <Filter>inc\locker</Filter>
    </ClInclude>
    <ClInclude Include="..\inc\locker\windows_locker.h">
      <Filter>inc\locker</Filter>
    </ClInclude>
    <ClInclude Include="..\inc\log\asyn_log.h">
      <Filter>inc\log</Filter>
    </ClInclude>
    <ClInclude Include="..\inc\log\lazy_log.h">
      <Filter>inc\log</Filter>
    </ClInclude>
    <ClInclude Include="..\inc\log\log.h">
      <Filter>inc\log</Filter>
    </ClInclude>
    <ClInclude Include="..\inc\log\log_base.h">
      <Filter>inc\log</Filter>
    </ClInclude>
    <ClInclude Include="..\inc\log\log_types.h">
      <Filter>inc\log</Filter>
    </ClInclude>
    <ClInclude Include="..\inc\log\sync_log.h">
      <Filter>inc\log</Filter>
    </ClInclude>
    <ClInclude Include="..\inc\pool\memory_pool.h">
      <Filter>inc\pool</Filter>
    </ClInclude>
    <ClInclude Include="..\inc\pool\object_pool.h">
      <Filter>inc\pool</Filter>
    </ClInclude>
    <ClInclude Include="..\inc\stream\bytestream.h">
      <Filter>inc\stream</Filter>
    </ClInclude>
    <ClInclude Include="..\inc\string\base64.h">
      <Filter>inc\string</Filter>
    </ClInclude>
    <ClInclude Include="..\inc\string\bcd.h">
      <Filter>inc\string</Filter>
    </ClInclude>
    <ClInclude Include="..\inc\string\hex.h">
      <Filter>inc\string</Filter>
    </ClInclude>
    <ClInclude Include="..\inc\string\splitter.h">
      <Filter>inc\string</Filter>
    </ClInclude>
    <ClInclude Include="..\inc\string\string.h">
      <Filter>inc\string</Filter>
    </ClInclude>
    <ClInclude Include="..\inc\thread\thread.h">
      <Filter>inc\thread</Filter>
    </ClInclude>
    <ClInclude Include="..\inc\thread\windows_thread.h">
      <Filter>inc\thread</Filter>
    </ClInclude>
    <ClInclude Include="..\inc\time\multi_timer.h">
      <Filter>inc\time</Filter>
    </ClInclude>
    <ClInclude Include="..\inc\time\single_timer.h">
      <Filter>inc\time</Filter>
    </ClInclude>
    <ClInclude Include="..\inc\time\time.h">
      <Filter>inc\time</Filter>
    </ClInclude>
    <ClInclude Include="..\inc\utility\guard.h">
      <Filter>inc\utility</Filter>
    </ClInclude>
    <ClInclude Include="..\inc\utility\id_manager.h">
      <Filter>inc\utility</Filter>
    </ClInclude>
    <ClInclude Include="..\inc\utility\singleton.h">
      <Filter>inc\utility</Filter>
    </ClInclude>
    <ClInclude Include="..\inc\utility\uncopy.h">
      <Filter>inc\utility</Filter>
    </ClInclude>
    <ClInclude Include="..\inc\utility\log_switch.h">
      <Filter>inc\utility</Filter>
    </ClInclude>
    <ClInclude Include="..\inc\charset\charset.h">
      <Filter>inc\charset</Filter>
    </ClInclude>
    <ClInclude Include="..\inc\utility\counter.h">
      <Filter>inc\utility</Filter>
    </ClInclude>
    <ClInclude Include="..\inc\utility\bitmap.h">
      <Filter>inc\utility</Filter>
    </ClInclude>
    <ClInclude Include="..\inc\thread\thread_local_storage.h">
      <Filter>inc\thread</Filter>
    </ClInclude>
    <ClInclude Include="..\inc\thread\windows_thread_local_storage.h">
      <Filter>inc\thread</Filter>
    </ClInclude>
    <ClInclude Include="..\inc\utility\utility.h">
      <Filter>inc\utility</Filter>
    </ClInclude>
    <ClInclude Include="..\inc\library\library.h">
      <Filter>inc\library</Filter>
    </ClInclude>
    <ClInclude Include="..\inc\thread\thread_group.h">
      <Filter>inc\thread</Filter>
    </ClInclude>
    <ClInclude Include="..\inc\utility\exclusive.h">
      <Filter>inc\utility</Filter>
    </ClInclude>
    <ClInclude Include="..\inc\filesystem\file.h">
      <Filter>inc\filesystem</Filter>
    </ClInclude>
    <ClInclude Include="..\inc\filesystem\hardware.h">
      <Filter>inc\filesystem</Filter>
    </ClInclude>
    <ClInclude Include="..\inc\locker\unix_locker.h">
      <Filter>inc\locker</Filter>
    </ClInclude>
    <ClInclude Include="..\inc\thread\unix_thread.h">
      <Filter>inc\thread</Filter>
    </ClInclude>
    <ClInclude Include="..\inc\thread\unix_thread_local_storage.h">
      <Filter>inc\thread</Filter>
    </ClInclude>
    <ClInclude Include="..\inc\process\process.h">
      <Filter>inc\process</Filter>
    </ClInclude>
    <ClInclude Include="..\inc\process\unix_process.h">
      <Filter>inc\process</Filter>
    </ClInclude>
    <ClInclude Include="..\inc\process\windows_process.h">
      <Filter>inc\process</Filter>
    </ClInclude>
    <ClInclude Include="..\inc\record\record.h">
      <Filter>inc\record</Filter>
    </ClInclude>
    <ClInclude Include="resource.h">
      <Filter>res</Filter>
    </ClInclude>
    <ClInclude Include="..\gnu\cmarkup\inc\markup.h">
      <Filter>inc\gnu\cmarkup</Filter>
    </ClInclude>
    <ClInclude Include="..\gnu\jsoncpp\inc\json\allocator.h">
      <Filter>inc\gnu\jsoncpp</Filter>
    </ClInclude>
    <ClInclude Include="..\gnu\jsoncpp\inc\json\assertions.h">
      <Filter>inc\gnu\jsoncpp</Filter>
    </ClInclude>
    <ClInclude Include="..\gnu\jsoncpp\inc\json\autolink.h">
      <Filter>inc\gnu\jsoncpp</Filter>
    </ClInclude>
    <ClInclude Include="..\gnu\jsoncpp\inc\json\config.h">
      <Filter>inc\gnu\jsoncpp</Filter>
    </ClInclude>
    <ClInclude Include="..\gnu\jsoncpp\inc\json\features.h">
      <Filter>inc\gnu\jsoncpp</Filter>
    </ClInclude>
    <ClInclude Include="..\gnu\jsoncpp\inc\json\forwards.h">
      <Filter>inc\gnu\jsoncpp</Filter>
    </ClInclude>
    <ClInclude Include="..\gnu\jsoncpp\inc\json\json.h">
      <Filter>inc\gnu\jsoncpp</Filter>
    </ClInclude>
    <ClInclude Include="..\gnu\jsoncpp\inc\json\reader.h">
      <Filter>inc\gnu\jsoncpp</Filter>
    </ClInclude>
    <ClInclude Include="..\gnu\jsoncpp\inc\json\tool.h">
      <Filter>inc\gnu\jsoncpp</Filter>
    </ClInclude>
    <ClInclude Include="..\gnu\jsoncpp\inc\json\value.h">
      <Filter>inc\gnu\jsoncpp</Filter>
    </ClInclude>
    <ClInclude Include="..\gnu\jsoncpp\inc\json\version.h">
      <Filter>inc\gnu\jsoncpp</Filter>
    </ClInclude>
    <ClInclude Include="..\gnu\jsoncpp\inc\json\writer.h">
      <Filter>inc\gnu\jsoncpp</Filter>
    </ClInclude>
  </ItemGroup>
  <ItemGroup>
    <ClCompile Include="..\src\common\consts.cpp">
      <Filter>src\common</Filter>
    </ClCompile>
    <ClCompile Include="..\src\config\ini.cpp">
      <Filter>src\config</Filter>
    </ClCompile>
    <ClCompile Include="..\src\config\json.cpp">
      <Filter>src\config</Filter>
    </ClCompile>
    <ClCompile Include="..\src\config\xml.cpp">
      <Filter>src\config</Filter>
    </ClCompile>
    <ClCompile Include="..\src\exception\exception.cpp">
      <Filter>src\exception</Filter>
    </ClCompile>
    <ClCompile Include="..\src\filesystem\directory.cpp">
      <Filter>src\filesystem</Filter>
    </ClCompile>
    <ClCompile Include="..\src\locker\null_locker.cpp">
      <Filter>src\locker</Filter>
    </ClCompile>
    <ClCompile Include="..\src\locker\windows_locker.cpp">
      <Filter>src\locker</Filter>
    </ClCompile>
    <ClCompile Include="..\src\log\asyn_log.cpp">
      <Filter>src\log</Filter>
    </ClCompile>
    <ClCompile Include="..\src\log\lazy_log.cpp">
      <Filter>src\log</Filter>
    </ClCompile>
    <ClCompile Include="..\src\log\log.cpp">
      <Filter>src\log</Filter>
    </ClCompile>
    <ClCompile Include="..\src\log\log_base.cpp">
      <Filter>src\log</Filter>
    </ClCompile>
    <ClCompile Include="..\src\log\sync_log.cpp">
      <Filter>src\log</Filter>
    </ClCompile>
    <ClCompile Include="..\src\stream\bytestream.cpp">
      <Filter>src\stream</Filter>
    </ClCompile>
    <ClCompile Include="..\src\string\base64.cpp">
      <Filter>src\string</Filter>
    </ClCompile>
    <ClCompile Include="..\src\string\bcd.cpp">
      <Filter>src\string</Filter>
    </ClCompile>
    <ClCompile Include="..\src\string\hex.cpp">
      <Filter>src\string</Filter>
    </ClCompile>
    <ClCompile Include="..\src\string\splitter.cpp">
      <Filter>src\string</Filter>
    </ClCompile>
    <ClCompile Include="..\src\string\string.cpp">
      <Filter>src\string</Filter>
    </ClCompile>
    <ClCompile Include="..\src\thread\windows_thread.cpp">
      <Filter>src\thread</Filter>
    </ClCompile>
    <ClCompile Include="..\src\time\multi_timer.cpp">
      <Filter>src\time</Filter>
    </ClCompile>
    <ClCompile Include="..\src\time\single_timer.cpp">
      <Filter>src\time</Filter>
    </ClCompile>
    <ClCompile Include="..\src\time\time.cpp">
      <Filter>src\time</Filter>
    </ClCompile>
    <ClCompile Include="..\src\utility\uncopy.cpp">
      <Filter>src\utility</Filter>
    </ClCompile>
    <ClCompile Include="..\src\utility\log_switch.cpp">
      <Filter>src\utility</Filter>
    </ClCompile>
    <ClCompile Include="..\src\charset\charset.cpp">
      <Filter>src\charset</Filter>
    </ClCompile>
    <ClCompile Include="..\src\utility\counter.cpp">
      <Filter>src\utility</Filter>
    </ClCompile>
    <ClCompile Include="..\src\thread\windows_thread_local_storage.cpp">
      <Filter>src\thread</Filter>
    </ClCompile>
    <ClCompile Include="..\src\utility\utility.cpp">
      <Filter>src\utility</Filter>
    </ClCompile>
    <ClCompile Include="..\src\library\library.cpp">
      <Filter>src\library</Filter>
    </ClCompile>
    <ClCompile Include="..\src\thread\thread_group.cpp">
      <Filter>src\thread</Filter>
    </ClCompile>
    <ClCompile Include="..\src\utility\exclusive.cpp">
      <Filter>src\utility</Filter>
    </ClCompile>
    <ClCompile Include="..\src\filesystem\file.cpp">
      <Filter>src\filesystem</Filter>
    </ClCompile>
    <ClCompile Include="..\src\filesystem\hardware.cpp">
      <Filter>src\filesystem</Filter>
    </ClCompile>
    <ClCompile Include="..\src\thread\unix_thread.cpp">
      <Filter>src\thread</Filter>
    </ClCompile>
    <ClCompile Include="..\src\thread\unix_thread_local_storage.cpp">
      <Filter>src\thread</Filter>
    </ClCompile>
    <ClCompile Include="..\src\process\unix_process.cpp">
      <Filter>src\process</Filter>
    </ClCompile>
    <ClCompile Include="..\src\process\windows_process.cpp">
      <Filter>src\process</Filter>
    </ClCompile>
    <ClCompile Include="..\src\record\record.cpp">
      <Filter>src\record</Filter>
    </ClCompile>
    <ClCompile Include="..\gnu\cmarkup\src\markup.cpp">
      <Filter>src\gnu\cmarkup</Filter>
    </ClCompile>
    <ClCompile Include="..\gnu\jsoncpp\src\json_reader.cpp">
      <Filter>src\gnu\jsoncpp</Filter>
    </ClCompile>
    <ClCompile Include="..\gnu\jsoncpp\src\json_value.cpp">
      <Filter>src\gnu\jsoncpp</Filter>
    </ClCompile>
    <ClCompile Include="..\gnu\jsoncpp\src\json_writer.cpp">
      <Filter>src\gnu\jsoncpp</Filter>
    </ClCompile>
  </ItemGroup>
  <ItemGroup>
    <ResourceCompile Include="goofer.rc">
      <Filter>res</Filter>
    </ResourceCompile>
  </ItemGroup>
</Project>